
Microsoft Visual Studio Solution File, Format Version 12.00
# Visual Studio Version 16
VisualStudioVersion = 16.0.29409.12
MinimumVisualStudioVersion = 10.0.40219.1
Project("{9A19103F-16F7-4668-BE54-9A1E7A4F7556}") = "Cogenity.Extensions.Hosting.Composition", "Cogenity.Extensions.Hosting.Composition\Cogenity.Extensions.Hosting.Composition.csproj", "{0EA26D4B-5F60-4164-8AD4-D5010E68E8B6}"
EndProject
Project("{9A19103F-16F7-4668-BE54-9A1E7A4F7556}") = "Cogenity.Extensions.Hosting.Composition.Abstractions", "Cogenity.Extensions.Hosting.Composition.Abstractions\Cogenity.Extensions.Hosting.Composition.Abstractions.csproj", "{72090C46-8B91-4893-A88F-E5344781BB06}"
EndProject
Project("{2150E333-8FDC-42A3-9474-1A3956D46DE8}") = "src", "src", "{CA3EA60D-9394-4D15-8A14-F64875523A91}"
EndProject
Project("{2150E333-8FDC-42A3-9474-1A3956D46DE8}") = "samples", "samples", "{8FE3F8CD-46EB-43CE-AE65-4BBE87A2ED15}"
	ProjectSection(SolutionItems) = preProject
		..\samples\ReadMe.md = ..\samples\ReadMe.md
	EndProjectSection
EndProject
Project("{9A19103F-16F7-4668-BE54-9A1E7A4F7556}") = "GenericHostConsole", "..\samples\GenericHostConsole\GenericHostConsole.csproj", "{A6A49BB5-29F2-41FB-8BA9-97ECB2017C8C}"
EndProject
Project("{9A19103F-16F7-4668-BE54-9A1E7A4F7556}") = "GenericHostConsole.Writer", "..\samples\GenericHostConsole.Writer\GenericHostConsole.Writer.csproj", "{33F76032-ACF5-472F-92BC-49DE264C67CB}"
EndProject
Project("{2150E333-8FDC-42A3-9474-1A3956D46DE8}") = "build", "build", "{06A81EEE-42DB-4528-B192-6C4D4B9D4554}"
	ProjectSection(SolutionItems) = preProject
		..\build\azure-pipelines.yml = ..\build\azure-pipelines.yml
		..\build\GitVersion.yml = ..\build\GitVersion.yml
	EndProjectSection
EndProject
Project("{2150E333-8FDC-42A3-9474-1A3956D46DE8}") = "doc", "doc", "{ECA5C06C-07EB-42F7-A4C6-6FCDA50E1A0C}"
	ProjectSection(SolutionItems) = preProject
		..\ReadMe.md = ..\ReadMe.md
	EndProjectSection
EndProject
Global
	GlobalSection(SolutionConfigurationPlatforms) = preSolution
		Debug|Any CPU = Debug|Any CPU
		Release|Any CPU = Release|Any CPU
	EndGlobalSection
	GlobalSection(ProjectConfigurationPlatforms) = postSolution
		{0EA26D4B-5F60-4164-8AD4-D5010E68E8B6}.Debug|Any CPU.ActiveCfg = Debug|Any CPU
		{0EA26D4B-5F60-4164-8AD4-D5010E68E8B6}.Debug|Any CPU.Build.0 = Debug|Any CPU
		{0EA26D4B-5F60-4164-8AD4-D5010E68E8B6}.Release|Any CPU.ActiveCfg = Release|Any CPU
		{0EA26D4B-5F60-4164-8AD4-D5010E68E8B6}.Release|Any CPU.Build.0 = Release|Any CPU
		{72090C46-8B91-4893-A88F-E5344781BB06}.Debug|Any CPU.ActiveCfg = Debug|Any CPU
		{72090C46-8B91-4893-A88F-E5344781BB06}.Debug|Any CPU.Build.0 = Debug|Any CPU
		{72090C46-8B91-4893-A88F-E5344781BB06}.Release|Any CPU.ActiveCfg = Release|Any CPU
		{72090C46-8B91-4893-A88F-E5344781BB06}.Release|Any CPU.Build.0 = Release|Any CPU
		{A6A49BB5-29F2-41FB-8BA9-97ECB2017C8C}.Debug|Any CPU.ActiveCfg = Debug|Any CPU
		{A6A49BB5-29F2-41FB-8BA9-97ECB2017C8C}.Debug|Any CPU.Build.0 = Debug|Any CPU
		{A6A49BB5-29F2-41FB-8BA9-97ECB2017C8C}.Release|Any CPU.ActiveCfg = Release|Any CPU
		{A6A49BB5-29F2-41FB-8BA9-97ECB2017C8C}.Release|Any CPU.Build.0 = Release|Any CPU
		{33F76032-ACF5-472F-92BC-49DE264C67CB}.Debug|Any CPU.ActiveCfg = Debug|Any CPU
		{33F76032-ACF5-472F-92BC-49DE264C67CB}.Debug|Any CPU.Build.0 = Debug|Any CPU
		{33F76032-ACF5-472F-92BC-49DE264C67CB}.Release|Any CPU.ActiveCfg = Release|Any CPU
		{33F76032-ACF5-472F-92BC-49DE264C67CB}.Release|Any CPU.Build.0 = Release|Any CPU
	EndGlobalSection
	GlobalSection(SolutionProperties) = preSolution
		HideSolutionNode = FALSE
	EndGlobalSection
	GlobalSection(NestedProjects) = preSolution
		{0EA26D4B-5F60-4164-8AD4-D5010E68E8B6} = {CA3EA60D-9394-4D15-8A14-F64875523A91}
		{72090C46-8B91-4893-A88F-E5344781BB06} = {CA3EA60D-9394-4D15-8A14-F64875523A91}
		{A6A49BB5-29F2-41FB-8BA9-97ECB2017C8C} = {8FE3F8CD-46EB-43CE-AE65-4BBE87A2ED15}
		{33F76032-ACF5-472F-92BC-49DE264C67CB} = {8FE3F8CD-46EB-43CE-AE65-4BBE87A2ED15}
	EndGlobalSection
	GlobalSection(ExtensibilityGlobals) = postSolution
		SolutionGuid = {062DB90B-58C2-40C8-BE44-DAB083471429}
	EndGlobalSection
EndGlobal
